Microsoft Visual Studio Solution File, Format Version 12.00
# Visual Studio Version 16
VisualStudioVersion = 16.0.0.0
MinimumVisualStudioVersion = 16.0.0.0
Project("{9A19103F-16F7-4668-BE54-9A1E7A4F7556}") = "LaufenTaler", "LaufenTaler\LaufenTaler.csproj", "{44219AB5-F712-4D6B-A799-2DEE9F9E4C7D}"
EndProject
Project("{FAE04EC0-301F-11D3-BF4B-00C04F79EFBC}") = "LaufenTaler.Android", "LaufenTaler.Android\LaufenTaler.Android.csproj", "{83020C6B-6F06-41C2-813B-D5859B2A331C}"
EndProject
Project("{FAE04EC0-301F-11D3-BF4B-00C04F79EFBC}") = "LaufenTaler.iOS", "LaufenTaler.iOS\LaufenTaler.iOS.csproj", "{2B0A0D29-7862-4420-B8B6-697911DEE907}"
EndProject
Project("{9A19103F-16F7-4668-BE54-9A1E7A4F7556}") = "LaufenTaler.Windows", "LaufenTaler.Windows\LaufenTaler.Windows.csproj", "{27DF51D0-CC0A-4F83-AAB7-698A7911E47A}"
EndProject
Project("{FAE04EC0-301F-11D3-BF4B-00C04F79EFBC}") = "LaufenTaler.macOS", "LaufenTaler.macOS\LaufenTaler.macOS.csproj", "{53F56703-6869-4A0B-A1ED-0AD465819B6C}"
EndProject
Project("{FAE04EC0-301F-11D3-BF4B-00C04F79EFBC}") = "LaufenTaler.Tests", "LaufenTaler.Tests\LaufenTaler.Tests.csproj", "{CB191429-C4F5-4EE3-8C64-DBC03BF99FF8}"
EndProject
Global
	GlobalSection(SolutionConfigurationPlatforms) = preSolution
		Debug|Any CPU = Debug|Any CPU
		Debug|iPhone = Debug|iPhone
		Debug|iPhoneSimulator = Debug|iPhoneSimulator
		Debug|x64 = Debug|x64
		Debug|x86 = Debug|x86
		Release|Any CPU = Release|Any CPU
		Release|iPhone = Release|iPhone
		Release|iPhoneSimulator = Release|iPhoneSimulator
		Release|x64 = Release|x64
		Release|x86 = Release|x86
	EndGlobalSection
	GlobalSection(ProjectConfigurationPlatforms) = postSolution
		{44219AB5-F712-4D6B-A799-2DEE9F9E4C7D}.Debug|Any CPU.ActiveCfg = Debug|Any CPU
		{44219AB5-F712-4D6B-A799-2DEE9F9E4C7D}.Debug|Any CPU.Build.0 = Debug|Any CPU
		{44219AB5-F712-4D6B-A799-2DEE9F9E4C7D}.Debug|iPhone.ActiveCfg = Debug|Any CPU
		{44219AB5-F712-4D6B-A799-2DEE9F9E4C7D}.Debug|iPhone.Build.0 = Debug|Any CPU
		{44219AB5-F712-4D6B-A799-2DEE9F9E4C7D}.Debug|iPhoneSimulator.ActiveCfg = Debug|Any CPU
		{44219AB5-F712-4D6B-A799-2DEE9F9E4C7D}.Debug|iPhoneSimulator.Build.0 = Debug|Any CPU
		{44219AB5-F712-4D6B-A799-2DEE9F9E4C7D}.Debug|x64.ActiveCfg = Debug|Any CPU
		{44219AB5-F712-4D6B-A799-2DEE9F9E4C7D}.Debug|x64.Build.0 = Debug|Any CPU
		{44219AB5-F712-4D6B-A799-2DEE9F9E4C7D}.Debug|x86.ActiveCfg = Debug|Any CPU
		{44219AB5-F712-4D6B-A799-2DEE9F9E4C7D}.Debug|x86.Build.0 = Debug|Any CPU
		{44219AB5-F712-4D6B-A799-2DEE9F9E4C7D}.Release|Any CPU.ActiveCfg = Release|Any CPU
		{44219AB5-F712-4D6B-A799-2DEE9F9E4C7D}.Release|Any CPU.Build.0 = Release|Any CPU
		{44219AB5-F712-4D6B-A799-2DEE9F9E4C7D}.Release|iPhone.ActiveCfg = Release|Any CPU
		{44219AB5-F712-4D6B-A799-2DEE9F9E4C7D}.Release|iPhone.Build.0 = Release|Any CPU
		{44219AB5-F712-4D6B-A799-2DEE9F9E4C7D}.Release|iPhoneSimulator.ActiveCfg = Release|Any CPU
		{44219AB5-F712-4D6B-A799-2DEE9F9E4C7D}.Release|iPhoneSimulator.Build.0 = Release|Any CPU
		{44219AB5-F712-4D6B-A799-2DEE9F9E4C7D}.Release|x64.ActiveCfg = Release|Any CPU
		{44219AB5-F712-4D6B-A799-2DEE9F9E4C7D}.Release|x64.Build.0 = Release|Any CPU
		{44219AB5-F712-4D6B-A799-2DEE9F9E4C7D}.Release|x86.ActiveCfg = Release|Any CPU
		{44219AB5-F712-4D6B-A799-2DEE9F9E4C7D}.Release|x86.Build.0 = Release|Any CPU
		{83020C6B-6F06-41C2-813B-D5859B2A331C}.Debug|Any CPU.ActiveCfg = Debug|Any CPU
		{83020C6B-6F06-41C2-813B-D5859B2A331C}.Debug|Any CPU.Build.0 = Debug|Any CPU
		{83020C6B-6F06-41C2-813B-D5859B2A331C}.Debug|Any CPU.Deploy.0 = Debug|Any CPU
		{83020C6B-6F06-41C2-813B-D5859B2A331C}.Debug|iPhone.ActiveCfg = Debug|Any CPU
		{83020C6B-6F06-41C2-813B-D5859B2A331C}.Debug|iPhone.Build.0 = Debug|Any CPU
		{83020C6B-6F06-41C2-813B-D5859B2A331C}.Debug|iPhone.Deploy.0 = Debug|Any CPU
		{83020C6B-6F06-41C2-813B-D5859B2A331C}.Debug|iPhoneSimulator.ActiveCfg = Debug|Any CPU
		{83020C6B-6F06-41C2-813B-D5859B2A331C}.Debug|iPhoneSimulator.Build.0 = Debug|Any CPU
		{83020C6B-6F06-41C2-813B-D5859B2A331C}.Debug|iPhoneSimulator.Deploy.0 = Debug|Any CPU
		{83020C6B-6F06-41C2-813B-D5859B2A331C}.Debug|x64.ActiveCfg = Debug|Any CPU
		{83020C6B-6F06-41C2-813B-D5859B2A331C}.Debug|x64.Build.0 = Debug|Any CPU
		{83020C6B-6F06-41C2-813B-D5859B2A331C}.Debug|x64.Deploy.0 = Debug|Any CPU
		{83020C6B-6F06-41C2-813B-D5859B2A331C}.Debug|x86.ActiveCfg = Debug|Any CPU
		{83020C6B-6F06-41C2-813B-D5859B2A331C}.Debug|x86.Build.0 = Debug|Any CPU
		{83020C6B-6F06-41C2-813B-D5859B2A331C}.Debug|x86.Deploy.0 = Debug|Any CPU
		{83020C6B-6F06-41C2-813B-D5859B2A331C}.Release|Any CPU.ActiveCfg = Release|Any CPU
		{83020C6B-6F06-41C2-813B-D5859B2A331C}.Release|Any CPU.Build.0 = Release|Any CPU
		{83020C6B-6F06-41C2-813B-D5859B2A331C}.Release|Any CPU.Deploy.0 = Release|Any CPU
		{83020C6B-6F06-41C2-813B-D5859B2A331C}.Release|iPhone.ActiveCfg = Release|Any CPU
		{83020C6B-6F06-41C2-813B-D5859B2A331C}.Release|iPhone.Build.0 = Release|Any CPU
		{83020C6B-6F06-41C2-813B-D5859B2A331C}.Release|iPhone.Deploy.0 = Release|Any CPU
		{83020C6B-6F06-41C2-813B-D5859B2A331C}.Release|iPhoneSimulator.ActiveCfg = Release|Any CPU
		{83020C6B-6F06-41C2-813B-D5859B2A331C}.Release|iPhoneSimulator.Build.0 = Release|Any CPU
		{83020C6B-6F06-41C2-813B-D5859B2A331C}.Release|iPhoneSimulator.Deploy.0 = Release|Any CPU
		{83020C6B-6F06-41C2-813B-D5859B2A331C}.Release|x64.ActiveCfg = Release|Any CPU
		{83020C6B-6F06-41C2-813B-D5859B2A331C}.Release|x64.Build.0 = Release|Any CPU
		{83020C6B-6F06-41C2-813B-D5859B2A331C}.Release|x64.Deploy.0 = Release|Any CPU
		{83020C6B-6F06-41C2-813B-D5859B2A331C}.Release|x86.ActiveCfg = Release|Any CPU
		{83020C6B-6F06-41C2-813B-D5859B2A331C}.Release|x86.Build.0 = Release|Any CPU
		{83020C6B-6F06-41C2-813B-D5859B2A331C}.Release|x86.Deploy.0 = Release|Any CPU
		{2B0A0D29-7862-4420-B8B6-697911DEE907}.Debug|Any CPU.ActiveCfg = Debug|iPhone
		{2B0A0D29-7862-4420-B8B6-697911DEE907}.Debug|iPhone.ActiveCfg = Debug|iPhone
		{2B0A0D29-7862-4420-B8B6-697911DEE907}.Debug|iPhone.Build.0 = Debug|iPhone
		{2B0A0D29-7862-4420-B8B6-697911DEE907}.Debug|iPhoneSimulator.ActiveCfg = Debug|iPhoneSimulator
		{2B0A0D29-7862-4420-B8B6-697911DEE907}.Debug|iPhoneSimulator.Build.0 = Debug|iPhoneSimulator
		{2B0A0D29-7862-4420-B8B6-697911DEE907}.Debug|x64.ActiveCfg = Debug|iPhone
		{2B0A0D29-7862-4420-B8B6-697911DEE907}.Debug|x86.ActiveCfg = Debug|iPhone
		{2B0A0D29-7862-4420-B8B6-697911DEE907}.Release|Any CPU.ActiveCfg = Release|iPhone
		{2B0A0D29-7862-4420-B8B6-697911DEE907}.Release|iPhone.ActiveCfg = Release|iPhone
		{2B0A0D29-7862-4420-B8B6-697911DEE907}.Release|iPhone.Build.0 = Release|iPhone
		{2B0A0D29-7862-4420-B8B6-697911DEE907}.Release|iPhoneSimulator.ActiveCfg = Release|iPhoneSimulator
		{2B0A0D29-7862-4420-B8B6-697911DEE907}.Release|iPhoneSimulator.Build.0 = Release|iPhoneSimulator
		{2B0A0D29-7862-4420-B8B6-697911DEE907}.Release|x64.ActiveCfg = Release|iPhone
		{2B0A0D29-7862-4420-B8B6-697911DEE907}.Release|x86.ActiveCfg = Release|iPhone
		{27DF51D0-CC0A-4F83-AAB7-698A7911E47A}.Debug|Any CPU.ActiveCfg = Debug|Any CPU
		{27DF51D0-CC0A-4F83-AAB7-698A7911E47A}.Debug|Any CPU.Build.0 = Debug|Any CPU
		{27DF51D0-CC0A-4F83-AAB7-698A7911E47A}.Debug|iPhone.ActiveCfg = Debug|Any CPU
		{27DF51D0-CC0A-4F83-AAB7-698A7911E47A}.Debug|iPhone.Build.0 = Debug|Any CPU
		{27DF51D0-CC0A-4F83-AAB7-698A7911E47A}.Debug|iPhoneSimulator.ActiveCfg = Debug|Any CPU
		{27DF51D0-CC0A-4F83-AAB7-698A7911E47A}.Debug|iPhoneSimulator.Build.0 = Debug|Any CPU
		{27DF51D0-CC0A-4F83-AAB7-698A7911E47A}.Debug|x64.ActiveCfg = Debug|Any CPU
		{27DF51D0-CC0A-4F83-AAB7-698A7911E47A}.Debug|x64.Build.0 = Debug|Any CPU
		{27DF51D0-CC0A-4F83-AAB7-698A7911E47A}.Debug|x86.ActiveCfg = Debug|Any CPU
		{27DF51D0-CC0A-4F83-AAB7-698A7911E47A}.Debug|x86.Build.0 = Debug|Any CPU
		{27DF51D0-CC0A-4F83-AAB7-698A7911E47A}.Release|Any CPU.ActiveCfg = Release|Any CPU
		{27DF51D0-CC0A-4F83-AAB7-698A7911E47A}.Release|Any CPU.Build.0 = Release|Any CPU
		{27DF51D0-CC0A-4F83-AAB7-698A7911E47A}.Release|iPhone.ActiveCfg = Release|Any CPU
		{27DF51D0-CC0A-4F83-AAB7-698A7911E47A}.Release|iPhone.Build.0 = Release|Any CPU
		{27DF51D0-CC0A-4F83-AAB7-698A7911E47A}.Release|iPhoneSimulator.ActiveCfg = Release|Any CPU
		{27DF51D0-CC0A-4F83-AAB7-698A7911E47A}.Release|iPhoneSimulator.Build.0 = Release|Any CPU
		{27DF51D0-CC0A-4F83-AAB7-698A7911E47A}.Release|x64.ActiveCfg = Release|Any CPU
		{27DF51D0-CC0A-4F83-AAB7-698A7911E47A}.Release|x64.Build.0 = Release|Any CPU
		{27DF51D0-CC0A-4F83-AAB7-698A7911E47A}.Release|x86.ActiveCfg = Release|Any CPU
		{27DF51D0-CC0A-4F83-AAB7-698A7911E47A}.Release|x86.Build.0 = Release|Any CPU
		{53F56703-6869-4A0B-A1ED-0AD465819B6C}.Debug|Any CPU.ActiveCfg = Debug|Any CPU
		{53F56703-6869-4A0B-A1ED-0AD465819B6C}.Debug|Any CPU.Build.0 = Debug|Any CPU
		{53F56703-6869-4A0B-A1ED-0AD465819B6C}.Debug|iPhone.ActiveCfg = Debug|Any CPU
		{53F56703-6869-4A0B-A1ED-0AD465819B6C}.Debug|iPhone.Build.0 = Debug|Any CPU
		{53F56703-6869-4A0B-A1ED-0AD465819B6C}.Debug|iPhoneSimulator.ActiveCfg = Debug|Any CPU
		{53F56703-6869-4A0B-A1ED-0AD465819B6C}.Debug|iPhoneSimulator.Build.0 = Debug|Any CPU
		{53F56703-6869-4A0B-A1ED-0AD465819B6C}.Debug|x64.ActiveCfg = Debug|Any CPU
		{53F56703-6869-4A0B-A1ED-0AD465819B6C}.Debug|x64.Build.0 = Debug|Any CPU
		{53F56703-6869-4A0B-A1ED-0AD465819B6C}.Debug|x86.ActiveCfg = Debug|Any CPU
		{53F56703-6869-4A0B-A1ED-0AD465819B6C}.Debug|x86.Build.0 = Debug|Any CPU
		{53F56703-6869-4A0B-A1ED-0AD465819B6C}.Release|Any CPU.ActiveCfg = Release|Any CPU
		{53F56703-6869-4A0B-A1ED-0AD465819B6C}.Release|Any CPU.Build.0 = Release|Any CPU
		{53F56703-6869-4A0B-A1ED-0AD465819B6C}.Release|iPhone.ActiveCfg = Release|Any CPU
		{53F56703-6869-4A0B-A1ED-0AD465819B6C}.Release|iPhone.Build.0 = Release|Any CPU
		{53F56703-6869-4A0B-A1ED-0AD465819B6C}.Release|iPhoneSimulator.ActiveCfg = Release|Any CPU
		{53F56703-6869-4A0B-A1ED-0AD465819B6C}.Release|iPhoneSimulator.Build.0 = Release|Any CPU
		{53F56703-6869-4A0B-A1ED-0AD465819B6C}.Release|x64.ActiveCfg = Release|Any CPU
		{53F56703-6869-4A0B-A1ED-0AD465819B6C}.Release|x64.Build.0 = Release|Any CPU
		{53F56703-6869-4A0B-A1ED-0AD465819B6C}.Release|x86.ActiveCfg = Release|Any CPU
		{53F56703-6869-4A0B-A1ED-0AD465819B6C}.Release|x86.Build.0 = Release|Any CPU
		{CB191429-C4F5-4EE3-8C64-DBC03BF99FF8}.Debug|Any CPU.ActiveCfg = Debug|Any CPU
		{CB191429-C4F5-4EE3-8C64-DBC03BF99FF8}.Debug|Any CPU.Build.0 = Debug|Any CPU
		{CB191429-C4F5-4EE3-8C64-DBC03BF99FF8}.Debug|iPhone.ActiveCfg = Debug|Any CPU
		{CB191429-C4F5-4EE3-8C64-DBC03BF99FF8}.Debug|iPhone.Build.0 = Debug|Any CPU
		{CB191429-C4F5-4EE3-8C64-DBC03BF99FF8}.Debug|iPhoneSimulator.ActiveCfg = Debug|Any CPU
		{CB191429-C4F5-4EE3-8C64-DBC03BF99FF8}.Debug|iPhoneSimulator.Build.0 = Debug|Any CPU
		{CB191429-C4F5-4EE3-8C64-DBC03BF99FF8}.Debug|x64.ActiveCfg = Debug|Any CPU
		{CB191429-C4F5-4EE3-8C64-DBC03BF99FF8}.Debug|x64.Build.0 = Debug|Any CPU
		{CB191429-C4F5-4EE3-8C64-DBC03BF99FF8}.Debug|x86.ActiveCfg = Debug|Any CPU
		{CB191429-C4F5-4EE3-8C64-DBC03BF99FF8}.Debug|x86.Build.0 = Debug|Any CPU
		{CB191429-C4F5-4EE3-8C64-DBC03BF99FF8}.Release|Any CPU.ActiveCfg = Release|Any CPU
		{CB191429-C4F5-4EE3-8C64-DBC03BF99FF8}.Release|Any CPU.Build.0 = Release|Any CPU
		{CB191429-C4F5-4EE3-8C64-DBC03BF99FF8}.Release|iPhone.ActiveCfg = Release|Any CPU
		{CB191429-C4F5-4EE3-8C64-DBC03BF99FF8}.Release|iPhone.Build.0 = Release|Any CPU
		{CB191429-C4F5-4EE3-8C64-DBC03BF99FF8}.Release|iPhoneSimulator.ActiveCfg = Release|Any CPU
		{CB191429-C4F5-4EE3-8C64-DBC03BF99FF8}.Release|iPhoneSimulator.Build.0 = Release|Any CPU
		{CB191429-C4F5-4EE3-8C64-DBC03BF99FF8}.Release|x64.ActiveCfg = Release|Any CPU
		{CB191429-C4F5-4EE3-8C64-DBC03BF99FF8}.Release|x64.Build.0 = Release|Any CPU
		{CB191429-C4F5-4EE3-8C64-DBC03BF99FF8}.Release|x86.ActiveCfg = Release|Any CPU
		{CB191429-C4F5-4EE3-8C64-DBC03BF99FF8}.Release|x86.Build.0 = Release|Any CPU
	EndGlobalSection
	GlobalSection(SolutionProperties) = preSolution
		HideSolutionNode = FALSE
	EndGlobalSection
	GlobalSection(ExtensibilityGlobals) = postSolution
		SolutionGuid = {55B42891-C20D-4D1F-AAF9-BA9F8F154B96}
	EndGlobalSection
EndGlobal
